
Microsoft Visual Studio Solution File, Format Version 12.00
# Visual Studio 15
VisualStudioVersion = 15.0.28010.2046
MinimumVisualStudioVersion = 10.0.40219.1
Project("{FAE04EC0-301F-11D3-BF4B-00C04F79EFBC}") = "FakeSubRepo.Domain", "FakeSubRepo.Domain\FakeSubRepo.Domain.csproj", "{7091796C-2B3D-42A8-B6D6-FFA41B26A574}"
EndProject
Project("{9A19103F-16F7-4668-BE54-9A1E7A4F7556}") = "FakeMainRepo.Domain", "..\..\FakeMainRepo\FakeMainRepo.Domain\FakeMainRepo.Domain\FakeMainRepo.Domain.csproj", "{C565DE56-AF39-4D3B-8C39-273E97D3A72C}"
EndProject
Global
	GlobalSection(SolutionConfigurationPlatforms) = preSolution
		Debug|Any CPU = Debug|Any CPU
		Release|Any CPU = Release|Any CPU
	EndGlobalSection
	GlobalSection(ProjectConfigurationPlatforms) = postSolution
		{7091796C-2B3D-42A8-B6D6-FFA41B26A574}.Debug|Any CPU.ActiveCfg = Debug|Any CPU
		{7091796C-2B3D-42A8-B6D6-FFA41B26A574}.Debug|Any CPU.Build.0 = Debug|Any CPU
		{7091796C-2B3D-42A8-B6D6-FFA41B26A574}.Release|Any CPU.ActiveCfg = Release|Any CPU
		{7091796C-2B3D-42A8-B6D6-FFA41B26A574}.Release|Any CPU.Build.0 = Release|Any CPU
		{C565DE56-AF39-4D3B-8C39-273E97D3A72C}.Debug|Any CPU.ActiveCfg = Debug|Any CPU
		{C565DE56-AF39-4D3B-8C39-273E97D3A72C}.Debug|Any CPU.Build.0 = Debug|Any CPU
		{C565DE56-AF39-4D3B-8C39-273E97D3A72C}.Release|Any CPU.ActiveCfg = Release|Any CPU
		{C565DE56-AF39-4D3B-8C39-273E97D3A72C}.Release|Any CPU.Build.0 = Release|Any CPU
	EndGlobalSection
	GlobalSection(SolutionProperties) = preSolution
		HideSolutionNode = FALSE
	EndGlobalSection
	GlobalSection(ExtensibilityGlobals) = postSolution
		SolutionGuid = {539A8E95-2DA1-4C5F-AF03-03ADB3234C5D}
	EndGlobalSection
EndGlobal
